// !$*UTF8*$!
{
	archiveVersion = 1;
	classes = {
	};
	objectVersion = 46;
	objects = {

/* Begin PBXBuildFile section */
		04459B14217C516A0012FC13 /* main.m in Sources */ = {isa = PBXBuildFile; fileRef = 04459B13217C516A0012FC13 /* main.m */; };
		04459B17217C516A0012FC13 /* AppDelegate.m in Sources */ = {isa = PBXBuildFile; fileRef = 04459B16217C516A0012FC13 /* AppDelegate.m */; };
		04459B1A217C516A0012FC13 /* ViewController.m in Sources */ = {isa = PBXBuildFile; fileRef = 04459B19217C516A0012FC13 /* ViewController.m */; };
		04459B1D217C516A0012FC13 /* Main.storyboard in Resources */ = {isa = PBXBuildFile; fileRef = 04459B1B217C516A0012FC13 /* Main.storyboard */; };
		04459B1F217C516A0012FC13 /* Assets.xcassets in Resources */ = {isa = PBXBuildFile; fileRef = 04459B1E217C516A0012FC13 /* Assets.xcassets */; };
		04459B22217C516A0012FC13 /* LaunchScreen.storyboard in Resources */ = {isa = PBXBuildFile; fileRef = 04459B20217C516A0012FC13 /* LaunchScreen.storyboard */; };
		04459B2A217C724A0012FC13 /* timg.jpeg in Resources */ = {isa = PBXBuildFile; fileRef = 04459B29217C724A0012FC13 /* timg.jpeg */; };
		04459B2C217C76610012FC13 /* 1.png in Resources */ = {isa = PBXBuildFile; fileRef = 04459B2B217C76610012FC13 /* 1.png */; };
/* End PBXBuildFile section */

/* Begin PBXFileReference section */
		04459B0F217C516A0012FC13 /* textpic.app */ = {isa = PBXFileReference; explicitFileType = wrapper.application; includeInIndex = 0; path = textpic.app; sourceTree = BUILT_PRODUCTS_DIR; };
		04459B13217C516A0012FC13 /* main.m */ = {isa = PBXFileReference; lastKnownFileType = sourcecode.c.objc; path = main.m; sourceTree = "<group>"; };
		04459B15217C516A0012FC13 /* AppDelegate.h */ = {isa = PBXFileReference; lastKnownFileType = sourcecode.c.h; path = AppDelegate.h; sourceTree = "<group>"; };
		04459B16217C516A0012FC13 /* AppDelegate.m */ = {isa = PBXFileReference; lastKnownFileType = sourcecode.c.objc; path = AppDelegate.m; sourceTree = "<group>"; };
		04459B18217C516A0012FC13 /* ViewController.h */ = {isa = PBXFileReference; lastKnownFileType = sourcecode.c.h; path = ViewController.h; sourceTree = "<group>"; };
		04459B19217C516A0012FC13 /* ViewController.m */ = {isa = PBXFileReference; lastKnownFileType = sourcecode.c.objc; path = ViewController.m; sourceTree = "<group>"; };
		04459B1C217C516A0012FC13 /* Base */ = {isa = PBXFileReference; lastKnownFileType = file.storyboard; name = Base; path = Base.lproj/Main.storyboard; sourceTree = "<group>"; };
		04459B1E217C516A0012FC13 /* Assets.xcassets */ = {isa = PBXFileReference; lastKnownFileType = folder.assetcatalog; path = Assets.xcassets; sourceTree = "<group>"; };
		04459B21217C516A0012FC13 /* Base */ = {isa = PBXFileReference; lastKnownFileType = file.storyboard; name = Base; path = Base.lproj/LaunchScreen.storyboard; sourceTree = "<group>"; };
		04459B23217C516A0012FC13 /* Info.plist */ = {isa = PBXFileReference; lastKnownFileType = text.plist.xml; path = Info.plist; sourceTree = "<group>"; };
		04459B29217C724A0012FC13 /* timg.jpeg */ = {isa = PBXFileReference; lastKnownFileType = image.jpeg; path = timg.jpeg; sourceTree = "<group>"; };
		04459B2B217C76610012FC13 /* 1.png */ = {isa = PBXFileReference; lastKnownFileType = image.png; path = 1.png; sourceTree = "<group>"; };
/* End PBXFileReference section */

/* Begin PBXFrameworksBuildPhase section */
		04459B0C217C516A0012FC13 /* Frameworks */ = {
			isa = PBXFrameworksBuildPhase;
			buildActionMask = 2147483647;
			files = (
			);
			runOnlyForDeploymentPostprocessing = 0;
		};
/* End PBXFrameworksBuildPhase section */

/* Begin PBXGroup section */
		04459B06217C516A0012FC13 = {
			isa = PBXGroup;
			children = (
				04459B11217C516A0012FC13 /* textpic */,
				04459B10217C516A0012FC13 /* Products */,
			);
			sourceTree = "<group>";
		};
		04459B10217C516A0012FC13 /* Products */ = {
			isa = PBXGroup;
			children = (
				04459B0F217C516A0012FC13 /* textpic.app */,
			);
			name = Products;
			sourceTree = "<group>";
		};
		04459B11217C516A0012FC13 /* textpic */ = {
			isa = PBXGroup;
			children = (
				04459B2B217C76610012FC13 /* 1.png */,
				04459B29217C724A0012FC13 /* timg.jpeg */,
				04459B15217C516A0012FC13 /* AppDelegate.h */,
				04459B16217C516A0012FC13 /* AppDelegate.m */,
				04459B18217C516A0012FC13 /* ViewController.h */,
				04459B19217C516A0012FC13 /* ViewController.m */,
				04459B1B217C516A0012FC13 /* Main.storyboard */,
				04459B1E217C516A0012FC13 /* Assets.xcassets */,
				04459B20217C516A0012FC13 /* LaunchScreen.storyboard */,
				04459B23217C516A0012FC13 /* Info.plist */,
				04459B12217C516A0012FC13 /* Supporting Files */,
			);
			path = textpic;
			sourceTree = "<group>";
		};
		04459B12217C516A0012FC13 /* Supporting Files */ = {
			isa = PBXGroup;
			children = (
				04459B13217C516A0012FC13 /* main.m */,
			);
			name = "Supporting Files";
			sourceTree = "<group>";
		};
/* End PBXGroup section */

/* Begin PBXNativeTarget section */
		04459B0E217C516A0012FC13 /* textpic */ = {
			isa = PBXNativeTarget;
			buildConfigurationList = 04459B26217C516A0012FC13 /* Build configuration list for PBXNativeTarget "textpic" */;
			buildPhases = (
				04459B0B217C516A0012FC13 /* Sources */,
				04459B0C217C516A0012FC13 /* Frameworks */,
				04459B0D217C516A0012FC13 /* Resources */,
			);
			buildRules = (
			);
			dependencies = (
			);
			name = textpic;
			productName = textpic;
			productReference = 04459B0F217C516A0012FC13 /* textpic.app */;
			productType = "com.apple.product-type.application";
		};
/* End PBXNativeTarget section */

/* Begin PBXProject section */
		04459B07217C516A0012FC13 /* Project object */ = {
			isa = PBXProject;
			attributes = {
				LastUpgradeCheck = 0830;
				ORGANIZATIONNAME = mac;
				TargetAttributes = {
					04459B0E217C516A0012FC13 = {
						CreatedOnToolsVersion = 8.3.3;
						DevelopmentTeam = BRDLKVZ622;
						ProvisioningStyle = Automatic;
					};
				};
			};
			buildConfigurationList = 04459B0A217C516A0012FC13 /* Build configuration list for PBXProject "textpic" */;
			compatibilityVersion = "Xcode 3.2";
			developmentRegion = English;
			hasScannedForEncodings = 0;
			knownRegions = (
				en,
				Base,
			);
			mainGroup = 04459B06217C516A0012FC13;
			productRefGroup = 04459B10217C516A0012FC13 /* Products */;
			projectDirPath = "";
			projectRoot = "";
			targets = (
				04459B0E217C516A0012FC13 /* textpic */,
			);
		};
/* End PBXProject section */

/* Begin PBXResourcesBuildPhase section */
		04459B0D217C516A0012FC13 /* Resources */ = {
			isa = PBXResourcesBuildPhase;
			buildActionMask = 2147483647;
			files = (
				04459B22217C516A0012FC13 /* LaunchScreen.storyboard in Resources */,
				04459B1F217C516A0012FC13 /* Assets.xcassets in Resources */,
				04459B2A217C724A0012FC13 /* timg.jpeg in Resources */,
				04459B1D217C516A0012FC13 /* Main.storyboard in Resources */,
				04459B2C217C76610012FC13 /* 1.png in Resources */,
			);
			runOnlyForDeploymentPostprocessing = 0;
		};
/* End PBXResourcesBuildPhase section */

/* Begin PBXSourcesBuildPhase section */
		04459B0B217C516A0012FC13 /* Sources */ = {
			isa = PBXSourcesBuildPhase;
			buildActionMask = 2147483647;
			files = (
				04459B1A217C516A0012FC13 /* ViewController.m in Sources */,
				04459B17217C516A0012FC13 /* AppDelegate.m in Sources */,
				04459B14217C516A0012FC13 /* main.m in Sources */,
			);
			runOnlyForDeploymentPostprocessing = 0;
		};
/* End PBXSourcesBuildPhase section */

/* Begin PBXVariantGroup section */
		04459B1B217C516A0012FC13 /* Main.storyboard */ = {
			isa = PBXVariantGroup;
			children = (
				04459B1C217C516A0012FC13 /* Base */,
			);
			name = Main.storyboard;
			sourceTree = "<group>";
		};
		04459B20217C516A0012FC13 /* LaunchScreen.storyboard */ = {
			isa = PBXVariantGroup;
			children = (
				04459B21217C516A0012FC13 /* Base */,
			);
			name = LaunchScreen.storyboard;
			sourceTree = "<group>";
		};
/* End PBXVariantGroup section */

/* Begin XCBuildConfiguration section */
		04459B24217C516A0012FC13 /* Debug */ = {
			isa = XCBuildConfiguration;
			buildSettings = {
				ALWAYS_SEARCH_USER_PATHS = NO;
				CLANG_ANALYZER_NONNULL = YES;
				CLANG_ANALYZER_NUMBER_OBJECT_CONVERSION = YES_AGGRESSIVE;
				CLANG_CXX_LANGUAGE_STANDARD = "gnu++0x";
				CLANG_CXX_LIBRARY = "libc++";
				CLANG_ENABLE_MODULES = YES;
				CLANG_ENABLE_OBJC_ARC = YES;
				CLANG_WARN_BOOL_CONVERSION = YES;
				CLANG_WARN_CONSTANT_CONVERSION = YES;
				CLANG_WARN_DIRECT_OBJC_ISA_USAGE = YES_ERROR;
				CLANG_WARN_DOCUMENTATION_COMMENTS = YES;
				CLANG_WARN_EMPTY_BODY = YES;
				CLANG_WARN_ENUM_CONVERSION = YES;
				CLANG_WARN_INFINITE_RECURSION = YES;
				CLANG_WARN_INT_CONVERSION = YES;
				CLANG_WARN_OBJC_ROOT_CLASS = YES_ERROR;
				CLANG_WARN_SUSPICIOUS_MOVE = YES;
				CLANG_WARN_UNREACHABLE_CODE = YES;
				CLANG_WARN__DUPLICATE_METHOD_MATCH = YES;
				"CODE_SIGN_IDENTITY[sdk=iphoneos*]" = "iPhone Developer";
				COPY_PHASE_STRIP = NO;
				DEBUG_INFORMATION_FORMAT = dwarf;
				ENABLE_STRICT_OBJC_MSGSEND = YES;
				ENABLE_TESTABILITY = YES;
				GCC_C_LANGUAGE_STANDARD = gnu99;
				GCC_DYNAMIC_NO_PIC = NO;
				GCC_NO_COMMON_BLOCKS = YES;
				GCC_OPTIMIZATION_LEVEL = 0;
				GCC_PREPROCESSOR_DEFINITIONS = (
					"DEBUG=1",
					"$(inherited)",
				);
				GCC_WARN_64_TO_32_BIT_CONVERSION = YES;
				GCC_WARN_ABOUT_RETURN_TYPE = YES_ERROR;
				GCC_WARN_UNDECLARED_SELECTOR = YES;
				GCC_WARN_UNINITIALIZED_AUTOS = YES_AGGRESSIVE;
				GCC_WARN_UNUSED_FUNCTION = YES;
				GCC_WARN_UNUSED_VARIABLE = YES;
				IPHONEOS_DEPLOYMENT_TARGET = 10.3;
				MTL_ENABLE_DEBUG_INFO = YES;
				ONLY_ACTIVE_ARCH = YES;
				SDKROOT = iphoneos;
			};
			name = Debug;
		};
		04459B25217C516A0012FC13 /* Release */ = {
			isa = XCBuildConfiguration;
			buildSettings = {
				ALWAYS_SEARCH_USER_PATHS = NO;
				CLANG_ANALYZER_NONNULL = YES;
				CLANG_ANALYZER_NUMBER_OBJECT_CONVERSION = YES_AGGRESSIVE;
				CLANG_CXX_LANGUAGE_STANDARD = "gnu++0x";
				CLANG_CXX_LIBRARY = "libc++";
				CLANG_ENABLE_MODULES = YES;
				CLANG_ENABLE_OBJC_ARC = YES;
				CLANG_WARN_BOOL_CONVERSION = YES;
				CLANG_WARN_CONSTANT_CONVERSION = YES;
				CLANG_WARN_DIRECT_OBJC_ISA_USAGE = YES_ERROR;
				CLANG_WARN_DOCUMENTATION_COMMENTS = YES;
				CLANG_WARN_EMPTY_BODY = YES;
				CLANG_WARN_ENUM_CONVERSION = YES;
				CLANG_WARN_INFINITE_RECURSION = YES;
				CLANG_WARN_INT_CONVERSION = YES;
				CLANG_WARN_OBJC_ROOT_CLASS = YES_ERROR;
				CLANG_WARN_SUSPICIOUS_MOVE = YES;
				CLANG_WARN_UNREACHABLE_CODE = YES;
				CLANG_WARN__DUPLICATE_METHOD_MATCH = YES;
				"CODE_SIGN_IDENTITY[sdk=iphoneos*]" = "iPhone Developer";
				COPY_PHASE_STRIP = NO;
				DEBUG_INFORMATION_FORMAT = "dwarf-with-dsym";
				ENABLE_NS_ASSERTIONS = NO;
				ENABLE_STRICT_OBJC_MSGSEND = YES;
				GCC_C_LANGUAGE_STANDARD = gnu99;
				GCC_NO_COMMON_BLOCKS = YES;
				GCC_WARN_64_TO_32_BIT_CONVERSION = YES;
				GCC_WARN_ABOUT_RETURN_TYPE = YES_ERROR;
				GCC_WARN_UNDECLARED_SELECTOR = YES;
				GCC_WARN_UNINITIALIZED_AUTOS = YES_AGGRESSIVE;
				GCC_WARN_UNUSED_FUNCTION = YES;
				GCC_WARN_UNUSED_VARIABLE = YES;
				IPHONEOS_DEPLOYMENT_TARGET = 10.3;
				MTL_ENABLE_DEBUG_INFO = NO;
				SDKROOT = iphoneos;
				VALIDATE_PRODUCT = YES;
			};
			name = Release;
		};
		04459B27217C516A0012FC13 /* Debug */ = {
			isa = XCBuildConfiguration;
			buildSettings = {
				ASSETCATALOG_COMPILER_APPICON_NAME = AppIcon;
				DEVELOPMENT_TEAM = BRDLKVZ622;
				INFOPLIST_FILE = textpic/Info.plist;
				LD_RUNPATH_SEARCH_PATHS = "$(inherited) @executable_path/Frameworks";
				PRODUCT_BUNDLE_IDENTIFIER = ds.textpic;
				PRODUCT_NAME = "$(TARGET_NAME)";
			};
			name = Debug;
		};
		04459B28217C516A0012FC13 /* Release */ = {
			isa = XCBuildConfiguration;
			buildSettings = {
				ASSETCATALOG_COMPILER_APPICON_NAME = AppIcon;
				DEVELOPMENT_TEAM = BRDLKVZ622;
				INFOPLIST_FILE = textpic/Info.plist;
				LD_RUNPATH_SEARCH_PATHS = "$(inherited) @executable_path/Frameworks";
				PRODUCT_BUNDLE_IDENTIFIER = ds.textpic;
				PRODUCT_NAME = "$(TARGET_NAME)";
			};
			name = Release;
		};
/* End XCBuildConfiguration section */

/* Begin XCConfigurationList section */
		04459B0A217C516A0012FC13 /* Build configuration list for PBXProject "textpic" */ = {
			isa = XCConfigurationList;
			buildConfigurations = (
				04459B24217C516A0012FC13 /* Debug */,
				04459B25217C516A0012FC13 /* Release */,
			);
			defaultConfigurationIsVisible = 0;
			defaultConfigurationName = Release;
		};
		04459B26217C516A0012FC13 /* Build configuration list for PBXNativeTarget "textpic" */ = {
			isa = XCConfigurationList;
			buildConfigurations = (
				04459B27217C516A0012FC13 /* Debug */,
				04459B28217C516A0012FC13 /* Release */,
			);
			defaultConfigurationIsVisible = 0;
		};
/* End XCConfigurationList section */
	};
	rootObject = 04459B07217C516A0012FC13 /* Project object */;
}
